
Microsoft Visual Studio Solution File, Format Version 12.00
# Visual Studio 15
Project("{FAE04EC0-301F-11D3-BF4B-00C04F79EFBC}") = "Unity.Timeline", "Unity.Timeline.csproj", "{051F3218-9796-3517-027A-36AD6A4BD161}"
EndProject
Project("{FAE04EC0-301F-11D3-BF4B-00C04F79EFBC}") = "Unity.Timeline.Editor", "Unity.Timeline.Editor.csproj", "{5DEB1AA7-2761-CD81-6B5D-2ADA1A802E77}"
EndProject
Project("{FAE04EC0-301F-11D3-BF4B-00C04F79EFBC}") = "Unity.TextMeshPro.Editor", "Unity.TextMeshPro.Editor.csproj", "{81D56649-6734-3F66-B300-395E2377C953}"
EndProject
Project("{FAE04EC0-301F-11D3-BF4B-00C04F79EFBC}") = "UnityEditor.UI", "UnityEditor.UI.csproj", "{D98DCAD6-89E4-BE00-F37D-156089F5B076}"
EndProject
Project("{FAE04EC0-301F-11D3-BF4B-00C04F79EFBC}") = "Unity.PlasticSCM.Editor", "Unity.PlasticSCM.Editor.csproj", "{346F0B57-E39C-3C3B-42BA-37763646E3E2}"
EndProject
Project("{FAE04EC0-301F-11D3-BF4B-00C04F79EFBC}") = "UnityEngine.TestRunner", "UnityEngine.TestRunner.csproj", "{C837C2E5-FB59-48B4-0619-2C3F30C0C239}"
EndProject
Project("{FAE04EC0-301F-11D3-BF4B-00C04F79EFBC}") = "UnityEditor.TestRunner", "UnityEditor.TestRunner.csproj", "{1A27CCA0-802C-A2BC-B6DF-5C356EBC0215}"
EndProject
Project("{FAE04EC0-301F-11D3-BF4B-00C04F79EFBC}") = "UnityEngine.UI", "UnityEngine.UI.csproj", "{D8488D58-A07B-8452-2FAA-0FD2630F32D8}"
EndProject
Project("{FAE04EC0-301F-11D3-BF4B-00C04F79EFBC}") = "Unity.AI.Navigation.Editor", "Unity.AI.Navigation.Editor.csproj", "{5DE22B13-7829-2601-F5FF-9DB18F6C2458}"
EndProject
Project("{FAE04EC0-301F-11D3-BF4B-00C04F79EFBC}") = "Unity.VisualStudio.Editor", "Unity.VisualStudio.Editor.csproj", "{FF4F07FB-B038-84C3-E148-1C392CD744EF}"
EndProject
Project("{FAE04EC0-301F-11D3-BF4B-00C04F79EFBC}") = "Unity.Rider.Editor", "Unity.Rider.Editor.csproj", "{7AD295FC-F14F-137A-7A0F-8372F56497C6}"
EndProject
Project("{FAE04EC0-301F-11D3-BF4B-00C04F79EFBC}") = "Unity.AI.Navigation", "Unity.AI.Navigation.csproj", "{608B441D-91DB-8D26-DB44-7A5C472B61E7}"
EndProject
Project("{FAE04EC0-301F-11D3-BF4B-00C04F79EFBC}") = "Unity.AI.Navigation.Editor.ConversionSystem", "Unity.AI.Navigation.Editor.ConversionSystem.csproj", "{4F708909-4E75-2427-D02B-48AEB2B1B978}"
EndProject
Project("{FAE04EC0-301F-11D3-BF4B-00C04F79EFBC}") = "Unity.TextMeshPro", "Unity.TextMeshPro.csproj", "{9F8C599B-DDB4-23DC-87AB-7DFE8D2F54CB}"
EndProject
Project("{FAE04EC0-301F-11D3-BF4B-00C04F79EFBC}") = "Unity.AI.Navigation.Updater", "Unity.AI.Navigation.Updater.csproj", "{9C26B205-3103-7B18-4628-4BEB435DA8AA}"
EndProject
Project("{FAE04EC0-301F-11D3-BF4B-00C04F79EFBC}") = "Assembly-CSharp", "Assembly-CSharp.csproj", "{CA00BD15-933E-C841-440A-CDC8CA8EA40D}"
EndProject
Project("{FAE04EC0-301F-11D3-BF4B-00C04F79EFBC}") = "Unity.CollabProxy.Editor", "Unity.CollabProxy.Editor.csproj", "{53311B19-B1D8-613F-EAC1-4D550E8CEE18}"
EndProject
Project("{FAE04EC0-301F-11D3-BF4B-00C04F79EFBC}") = "Unity.Timeline", "Unity.Timeline.Player.csproj", "{0178C63A-A1AC-5485-11B8-63B9DBA47F34}"
EndProject
Project("{FAE04EC0-301F-11D3-BF4B-00C04F79EFBC}") = "UnityEngine.TestRunner", "UnityEngine.TestRunner.Player.csproj", "{3E68CCDA-2D0E-CCC5-5208-09FA4CE3D8FC}"
EndProject
Project("{FAE04EC0-301F-11D3-BF4B-00C04F79EFBC}") = "UnityEngine.UI", "UnityEngine.UI.Player.csproj", "{EC912857-CA0C-7B70-85FF-42F35A09906A}"
EndProject
Project("{FAE04EC0-301F-11D3-BF4B-00C04F79EFBC}") = "Unity.AI.Navigation", "Unity.AI.Navigation.Player.csproj", "{238F88D4-A81D-0858-DA56-3D954E44E54A}"
EndProject
Project("{FAE04EC0-301F-11D3-BF4B-00C04F79EFBC}") = "Unity.TextMeshPro", "Unity.TextMeshPro.Player.csproj", "{FBCFEDA8-BAC5-17F0-17AD-7B67F682F93E}"
EndProject
Project("{FAE04EC0-301F-11D3-BF4B-00C04F79EFBC}") = "Assembly-CSharp", "Assembly-CSharp.Player.csproj", "{03CDAA62-E370-C68D-E7EC-3F777816C098}"
EndProject
Global
	GlobalSection(SolutionConfigurationPlatforms) = preSolution
		Debug|Any CPU = Debug|Any CPU
		Release|Any CPU = Release|Any CPU
	EndGlobalSection
	GlobalSection(ProjectConfigurationPlatforms) = postSolution
		{051F3218-9796-3517-027A-36AD6A4BD161}.Debug|Any CPU.ActiveCfg = Debug|Any CPU
		{051F3218-9796-3517-027A-36AD6A4BD161}.Debug|Any CPU.Build.0 = Debug|Any CPU
		{051F3218-9796-3517-027A-36AD6A4BD161}.Release|Any CPU.ActiveCfg = Release|Any CPU
		{051F3218-9796-3517-027A-36AD6A4BD161}.Release|Any CPU.Build.0 = Release|Any CPU
		{5DEB1AA7-2761-CD81-6B5D-2ADA1A802E77}.Debug|Any CPU.ActiveCfg = Debug|Any CPU
		{5DEB1AA7-2761-CD81-6B5D-2ADA1A802E77}.Debug|Any CPU.Build.0 = Debug|Any CPU
		{5DEB1AA7-2761-CD81-6B5D-2ADA1A802E77}.Release|Any CPU.ActiveCfg = Release|Any CPU
		{5DEB1AA7-2761-CD81-6B5D-2ADA1A802E77}.Release|Any CPU.Build.0 = Release|Any CPU
		{81D56649-6734-3F66-B300-395E2377C953}.Debug|Any CPU.ActiveCfg = Debug|Any CPU
		{81D56649-6734-3F66-B300-395E2377C953}.Debug|Any CPU.Build.0 = Debug|Any CPU
		{81D56649-6734-3F66-B300-395E2377C953}.Release|Any CPU.ActiveCfg = Release|Any CPU
		{81D56649-6734-3F66-B300-395E2377C953}.Release|Any CPU.Build.0 = Release|Any CPU
		{D98DCAD6-89E4-BE00-F37D-156089F5B076}.Debug|Any CPU.ActiveCfg = Debug|Any CPU
		{D98DCAD6-89E4-BE00-F37D-156089F5B076}.Debug|Any CPU.Build.0 = Debug|Any CPU
		{D98DCAD6-89E4-BE00-F37D-156089F5B076}.Release|Any CPU.ActiveCfg = Release|Any CPU
		{D98DCAD6-89E4-BE00-F37D-156089F5B076}.Release|Any CPU.Build.0 = Release|Any CPU
		{346F0B57-E39C-3C3B-42BA-37763646E3E2}.Debug|Any CPU.ActiveCfg = Debug|Any CPU
		{346F0B57-E39C-3C3B-42BA-37763646E3E2}.Debug|Any CPU.Build.0 = Debug|Any CPU
		{346F0B57-E39C-3C3B-42BA-37763646E3E2}.Release|Any CPU.ActiveCfg = Release|Any CPU
		{346F0B57-E39C-3C3B-42BA-37763646E3E2}.Release|Any CPU.Build.0 = Release|Any CPU
		{C837C2E5-FB59-48B4-0619-2C3F30C0C239}.Debug|Any CPU.ActiveCfg = Debug|Any CPU
		{C837C2E5-FB59-48B4-0619-2C3F30C0C239}.Debug|Any CPU.Build.0 = Debug|Any CPU
		{C837C2E5-FB59-48B4-0619-2C3F30C0C239}.Release|Any CPU.ActiveCfg = Release|Any CPU
		{C837C2E5-FB59-48B4-0619-2C3F30C0C239}.Release|Any CPU.Build.0 = Release|Any CPU
		{1A27CCA0-802C-A2BC-B6DF-5C356EBC0215}.Debug|Any CPU.ActiveCfg = Debug|Any CPU
		{1A27CCA0-802C-A2BC-B6DF-5C356EBC0215}.Debug|Any CPU.Build.0 = Debug|Any CPU
		{1A27CCA0-802C-A2BC-B6DF-5C356EBC0215}.Release|Any CPU.ActiveCfg = Release|Any CPU
		{1A27CCA0-802C-A2BC-B6DF-5C356EBC0215}.Release|Any CPU.Build.0 = Release|Any CPU
		{D8488D58-A07B-8452-2FAA-0FD2630F32D8}.Debug|Any CPU.ActiveCfg = Debug|Any CPU
		{D8488D58-A07B-8452-2FAA-0FD2630F32D8}.Debug|Any CPU.Build.0 = Debug|Any CPU
		{D8488D58-A07B-8452-2FAA-0FD2630F32D8}.Release|Any CPU.ActiveCfg = Release|Any CPU
		{D8488D58-A07B-8452-2FAA-0FD2630F32D8}.Release|Any CPU.Build.0 = Release|Any CPU
		{5DE22B13-7829-2601-F5FF-9DB18F6C2458}.Debug|Any CPU.ActiveCfg = Debug|Any CPU
		{5DE22B13-7829-2601-F5FF-9DB18F6C2458}.Debug|Any CPU.Build.0 = Debug|Any CPU
		{5DE22B13-7829-2601-F5FF-9DB18F6C2458}.Release|Any CPU.ActiveCfg = Release|Any CPU
		{5DE22B13-7829-2601-F5FF-9DB18F6C2458}.Release|Any CPU.Build.0 = Release|Any CPU
		{FF4F07FB-B038-84C3-E148-1C392CD744EF}.Debug|Any CPU.ActiveCfg = Debug|Any CPU
		{FF4F07FB-B038-84C3-E148-1C392CD744EF}.Debug|Any CPU.Build.0 = Debug|Any CPU
		{FF4F07FB-B038-84C3-E148-1C392CD744EF}.Release|Any CPU.ActiveCfg = Release|Any CPU
		{FF4F07FB-B038-84C3-E148-1C392CD744EF}.Release|Any CPU.Build.0 = Release|Any CPU
		{7AD295FC-F14F-137A-7A0F-8372F56497C6}.Debug|Any CPU.ActiveCfg = Debug|Any CPU
		{7AD295FC-F14F-137A-7A0F-8372F56497C6}.Debug|Any CPU.Build.0 = Debug|Any CPU
		{7AD295FC-F14F-137A-7A0F-8372F56497C6}.Release|Any CPU.ActiveCfg = Release|Any CPU
		{7AD295FC-F14F-137A-7A0F-8372F56497C6}.Release|Any CPU.Build.0 = Release|Any CPU
		{608B441D-91DB-8D26-DB44-7A5C472B61E7}.Debug|Any CPU.ActiveCfg = Debug|Any CPU
		{608B441D-91DB-8D26-DB44-7A5C472B61E7}.Debug|Any CPU.Build.0 = Debug|Any CPU
		{608B441D-91DB-8D26-DB44-7A5C472B61E7}.Release|Any CPU.ActiveCfg = Release|Any CPU
		{608B441D-91DB-8D26-DB44-7A5C472B61E7}.Release|Any CPU.Build.0 = Release|Any CPU
		{4F708909-4E75-2427-D02B-48AEB2B1B978}.Debug|Any CPU.ActiveCfg = Debug|Any CPU
		{4F708909-4E75-2427-D02B-48AEB2B1B978}.Debug|Any CPU.Build.0 = Debug|Any CPU
		{4F708909-4E75-2427-D02B-48AEB2B1B978}.Release|Any CPU.ActiveCfg = Release|Any CPU
		{4F708909-4E75-2427-D02B-48AEB2B1B978}.Release|Any CPU.Build.0 = Release|Any CPU
		{9F8C599B-DDB4-23DC-87AB-7DFE8D2F54CB}.Debug|Any CPU.ActiveCfg = Debug|Any CPU
		{9F8C599B-DDB4-23DC-87AB-7DFE8D2F54CB}.Debug|Any CPU.Build.0 = Debug|Any CPU
		{9F8C599B-DDB4-23DC-87AB-7DFE8D2F54CB}.Release|Any CPU.ActiveCfg = Release|Any CPU
		{9F8C599B-DDB4-23DC-87AB-7DFE8D2F54CB}.Release|Any CPU.Build.0 = Release|Any CPU
		{9C26B205-3103-7B18-4628-4BEB435DA8AA}.Debug|Any CPU.ActiveCfg = Debug|Any CPU
		{9C26B205-3103-7B18-4628-4BEB435DA8AA}.Debug|Any CPU.Build.0 = Debug|Any CPU
		{9C26B205-3103-7B18-4628-4BEB435DA8AA}.Release|Any CPU.ActiveCfg = Release|Any CPU
		{9C26B205-3103-7B18-4628-4BEB435DA8AA}.Release|Any CPU.Build.0 = Release|Any CPU
		{CA00BD15-933E-C841-440A-CDC8CA8EA40D}.Debug|Any CPU.ActiveCfg = Debug|Any CPU
		{CA00BD15-933E-C841-440A-CDC8CA8EA40D}.Debug|Any CPU.Build.0 = Debug|Any CPU
		{CA00BD15-933E-C841-440A-CDC8CA8EA40D}.Release|Any CPU.ActiveCfg = Release|Any CPU
		{CA00BD15-933E-C841-440A-CDC8CA8EA40D}.Release|Any CPU.Build.0 = Release|Any CPU
		{53311B19-B1D8-613F-EAC1-4D550E8CEE18}.Debug|Any CPU.ActiveCfg = Debug|Any CPU
		{53311B19-B1D8-613F-EAC1-4D550E8CEE18}.Debug|Any CPU.Build.0 = Debug|Any CPU
		{53311B19-B1D8-613F-EAC1-4D550E8CEE18}.Release|Any CPU.ActiveCfg = Release|Any CPU
		{53311B19-B1D8-613F-EAC1-4D550E8CEE18}.Release|Any CPU.Build.0 = Release|Any CPU
		{0178C63A-A1AC-5485-11B8-63B9DBA47F34}.Debug|Any CPU.ActiveCfg = Debug|Any CPU
		{0178C63A-A1AC-5485-11B8-63B9DBA47F34}.Debug|Any CPU.Build.0 = Debug|Any CPU
		{0178C63A-A1AC-5485-11B8-63B9DBA47F34}.Release|Any CPU.ActiveCfg = Release|Any CPU
		{0178C63A-A1AC-5485-11B8-63B9DBA47F34}.Release|Any CPU.Build.0 = Release|Any CPU
		{3E68CCDA-2D0E-CCC5-5208-09FA4CE3D8FC}.Debug|Any CPU.ActiveCfg = Debug|Any CPU
		{3E68CCDA-2D0E-CCC5-5208-09FA4CE3D8FC}.Debug|Any CPU.Build.0 = Debug|Any CPU
		{3E68CCDA-2D0E-CCC5-5208-09FA4CE3D8FC}.Release|Any CPU.ActiveCfg = Release|Any CPU
		{3E68CCDA-2D0E-CCC5-5208-09FA4CE3D8FC}.Release|Any CPU.Build.0 = Release|Any CPU
		{EC912857-CA0C-7B70-85FF-42F35A09906A}.Debug|Any CPU.ActiveCfg = Debug|Any CPU
		{EC912857-CA0C-7B70-85FF-42F35A09906A}.Debug|Any CPU.Build.0 = Debug|Any CPU
		{EC912857-CA0C-7B70-85FF-42F35A09906A}.Release|Any CPU.ActiveCfg = Release|Any CPU
		{EC912857-CA0C-7B70-85FF-42F35A09906A}.Release|Any CPU.Build.0 = Release|Any CPU
		{238F88D4-A81D-0858-DA56-3D954E44E54A}.Debug|Any CPU.ActiveCfg = Debug|Any CPU
		{238F88D4-A81D-0858-DA56-3D954E44E54A}.Debug|Any CPU.Build.0 = Debug|Any CPU
		{238F88D4-A81D-0858-DA56-3D954E44E54A}.Release|Any CPU.ActiveCfg = Release|Any CPU
		{238F88D4-A81D-0858-DA56-3D954E44E54A}.Release|Any CPU.Build.0 = Release|Any CPU
		{FBCFEDA8-BAC5-17F0-17AD-7B67F682F93E}.Debug|Any CPU.ActiveCfg = Debug|Any CPU
		{FBCFEDA8-BAC5-17F0-17AD-7B67F682F93E}.Debug|Any CPU.Build.0 = Debug|Any CPU
		{FBCFEDA8-BAC5-17F0-17AD-7B67F682F93E}.Release|Any CPU.ActiveCfg = Release|Any CPU
		{FBCFEDA8-BAC5-17F0-17AD-7B67F682F93E}.Release|Any CPU.Build.0 = Release|Any CPU
		{03CDAA62-E370-C68D-E7EC-3F777816C098}.Debug|Any CPU.ActiveCfg = Debug|Any CPU
		{03CDAA62-E370-C68D-E7EC-3F777816C098}.Debug|Any CPU.Build.0 = Debug|Any CPU
		{03CDAA62-E370-C68D-E7EC-3F777816C098}.Release|Any CPU.ActiveCfg = Release|Any CPU
		{03CDAA62-E370-C68D-E7EC-3F777816C098}.Release|Any CPU.Build.0 = Release|Any CPU
	EndGlobalSection
	GlobalSection(SolutionProperties) = preSolution
		HideSolutionNode = FALSE
	EndGlobalSection
EndGlobal
